
Microsoft Visual Studio Solution File, Format Version 12.00
# Visual Studio 15
VisualStudioVersion = 15.0.28307.136
MinimumVisualStudioVersion = 10.0.40219.1
Project("{FAE04EC0-301F-11D3-BF4B-00C04F79EFBC}") = "LightBulb", "LightBulb\LightBulb.csproj", "{32E4EB2E-65B8-45D0-AF50-87485C252843}"
EndProject
Global
	GlobalSection(SolutionConfigurationPlatforms) = preSolution
		Debug|Any CPU = Debug|Any CPU
		Release|Any CPU = Release|Any CPU
	EndGlobalSection
	GlobalSection(ProjectConfigurationPlatforms) = postSolution
		{32E4EB2E-65B8-45D0-AF50-87485C252843}.Debug|Any CPU.ActiveCfg = Debug|Any CPU
		{32E4EB2E-65B8-45D0-AF50-87485C252843}.Debug|Any CPU.Build.0 = Debug|Any CPU
		{32E4EB2E-65B8-45D0-AF50-87485C252843}.Release|Any CPU.ActiveCfg = Release|Any CPU
		{32E4EB2E-65B8-45D0-AF50-87485C252843}.Release|Any CPU.Build.0 = Release|Any CPU
	EndGlobalSection
	GlobalSection(SolutionProperties) = preSolution
		HideSolutionNode = FALSE
	EndGlobalSection
	GlobalSection(ExtensibilityGlobals) = postSolution
		SolutionGuid = {4FFA6C9A-84E5-48EC-960E-DC9E30C64C4A}
	EndGlobalSection
EndGlobal
